
Microsoft Visual Studio Solution File, Format Version 12.00
# Visual Studio Version 17
VisualStudioVersion = 17.3.32929.385
MinimumVisualStudioVersion = 10.0.40219.1
Project("{FAE04EC0-301F-11D3-BF4B-00C04F79EFBC}") = "ItemRazorV1", "ItemRazorV1.csproj", "{508C6383-9969-4990-9441-CEA802497E60}"
EndProject
Global
	GlobalSection(SolutionConfigurationPlatforms) = preSolution
		Debug|Any CPU = Debug|Any CPU
		Release|Any CPU = Release|Any CPU
	EndGlobalSection
	GlobalSection(ProjectConfigurationPlatforms) = postSolution
		{508C6383-9969-4990-9441-CEA802497E60}.Debug|Any CPU.ActiveCfg = Debug|Any CPU
		{508C6383-9969-4990-9441-CEA802497E60}.Debug|Any CPU.Build.0 = Debug|Any CPU
		{508C6383-9969-4990-9441-CEA802497E60}.Release|Any CPU.ActiveCfg = Release|Any CPU
		{508C6383-9969-4990-9441-CEA802497E60}.Release|Any CPU.Build.0 = Release|Any CPU
	EndGlobalSection
	GlobalSection(SolutionProperties) = preSolution
		HideSolutionNode = FALSE
	EndGlobalSection
	GlobalSection(ExtensibilityGlobals) = postSolution
		SolutionGuid = {A9C4F3F5-839F-4DC9-90A5-449BE83C70FE}
	EndGlobalSection
EndGlobal
