
Microsoft Visual Studio Solution File, Format Version 12.00
# Visual Studio Version 17
VisualStudioVersion = 17.3.32811.315
MinimumVisualStudioVersion = 10.0.40219.1
Project("{FAE04EC0-301F-11D3-BF4B-00C04F79EFBC}") = "RepoLib", "RepoLib.csproj", "{5D185B69-A775-4818-AD09-81918296F01E}"
EndProject
Project("{2150E333-8FDC-42A3-9474-1A3956D46DE8}") = "Solution Items", "Solution Items", "{6DBA195C-38D9-41C6-9896-E389AF51F424}"
	ProjectSection(SolutionItems) = preProject
		.editorconfig = .editorconfig
	EndProjectSection
EndProject
Global
	GlobalSection(SolutionConfigurationPlatforms) = preSolution
		Debug|Any CPU = Debug|Any CPU
		Release|Any CPU = Release|Any CPU
	EndGlobalSection
	GlobalSection(ProjectConfigurationPlatforms) = postSolution
		{5D185B69-A775-4818-AD09-81918296F01E}.Debug|Any CPU.ActiveCfg = Debug|Any CPU
		{5D185B69-A775-4818-AD09-81918296F01E}.Debug|Any CPU.Build.0 = Debug|Any CPU
		{5D185B69-A775-4818-AD09-81918296F01E}.Release|Any CPU.ActiveCfg = Release|Any CPU
		{5D185B69-A775-4818-AD09-81918296F01E}.Release|Any CPU.Build.0 = Release|Any CPU
	EndGlobalSection
	GlobalSection(SolutionProperties) = preSolution
		HideSolutionNode = FALSE
	EndGlobalSection
	GlobalSection(ExtensibilityGlobals) = postSolution
		SolutionGuid = {5B7A6089-0E92-4B2B-A4A4-AFFC31007524}
	EndGlobalSection
EndGlobal
