
Microsoft Visual Studio Solution File, Format Version 12.00
# Visual Studio Version 17
VisualStudioVersion = 17.2.32630.192
MinimumVisualStudioVersion = 10.0.40219.1
Project("{FAE04EC0-301F-11D3-BF4B-00C04F79EFBC}") = "BankV10", "BankV10.csproj", "{71F927B9-FBBB-4C0E-B88B-A995DB01D07B}"
EndProject
Global
	GlobalSection(SolutionConfigurationPlatforms) = preSolution
		Debug|Any CPU = Debug|Any CPU
		Release|Any CPU = Release|Any CPU
	EndGlobalSection
	GlobalSection(ProjectConfigurationPlatforms) = postSolution
		{71F927B9-FBBB-4C0E-B88B-A995DB01D07B}.Debug|Any CPU.ActiveCfg = Debug|Any CPU
		{71F927B9-FBBB-4C0E-B88B-A995DB01D07B}.Debug|Any CPU.Build.0 = Debug|Any CPU
		{71F927B9-FBBB-4C0E-B88B-A995DB01D07B}.Release|Any CPU.ActiveCfg = Release|Any CPU
		{71F927B9-FBBB-4C0E-B88B-A995DB01D07B}.Release|Any CPU.Build.0 = Release|Any CPU
	EndGlobalSection
	GlobalSection(SolutionProperties) = preSolution
		HideSolutionNode = FALSE
	EndGlobalSection
	GlobalSection(ExtensibilityGlobals) = postSolution
		SolutionGuid = {C4A8151F-4DF6-4A3F-9E11-EBBC6675FCA8}
	EndGlobalSection
EndGlobal
