
Microsoft Visual Studio Solution File, Format Version 12.00
# Visual Studio Version 17
VisualStudioVersion = 17.3.32901.215
MinimumVisualStudioVersion = 10.0.40219.1
Project("{FAE04EC0-301F-11D3-BF4B-00C04F79EFBC}") = "NumericalPi", "NumericalPi.csproj", "{384C8A8D-8CB3-460E-BDA1-BA9951349461}"
EndProject
Global
	GlobalSection(SolutionConfigurationPlatforms) = preSolution
		Debug|Any CPU = Debug|Any CPU
		Release|Any CPU = Release|Any CPU
	EndGlobalSection
	GlobalSection(ProjectConfigurationPlatforms) = postSolution
		{384C8A8D-8CB3-460E-BDA1-BA9951349461}.Debug|Any CPU.ActiveCfg = Debug|Any CPU
		{384C8A8D-8CB3-460E-BDA1-BA9951349461}.Debug|Any CPU.Build.0 = Debug|Any CPU
		{384C8A8D-8CB3-460E-BDA1-BA9951349461}.Release|Any CPU.ActiveCfg = Release|Any CPU
		{384C8A8D-8CB3-460E-BDA1-BA9951349461}.Release|Any CPU.Build.0 = Release|Any CPU
	EndGlobalSection
	GlobalSection(SolutionProperties) = preSolution
		HideSolutionNode = FALSE
	EndGlobalSection
	GlobalSection(ExtensibilityGlobals) = postSolution
		SolutionGuid = {1DA34D2B-0D33-4134-8A81-9C528A021F38}
	EndGlobalSection
EndGlobal
