
Microsoft Visual Studio Solution File, Format Version 12.00
# Visual Studio Version 17
VisualStudioVersion = 17.2.32630.192
MinimumVisualStudioVersion = 10.0.40219.1
Project("{FAE04EC0-301F-11D3-BF4B-00C04F79EFBC}") = "SchoolAdministrationV10", "SchoolAdministrationV10\SchoolAdministrationV10.csproj", "{71F66D5E-2450-4851-8072-1F736E56222A}"
EndProject
Project("{FAE04EC0-301F-11D3-BF4B-00C04F79EFBC}") = "SchoolAdministrationV10Tests", "SchoolAdministrationV10Tests\SchoolAdministrationV10Tests.csproj", "{871CD30D-49CE-45A7-9A9D-A93A2BB0FB39}"
EndProject
Global
	GlobalSection(SolutionConfigurationPlatforms) = preSolution
		Debug|Any CPU = Debug|Any CPU
		Release|Any CPU = Release|Any CPU
	EndGlobalSection
	GlobalSection(ProjectConfigurationPlatforms) = postSolution
		{71F66D5E-2450-4851-8072-1F736E56222A}.Debug|Any CPU.ActiveCfg = Debug|Any CPU
		{71F66D5E-2450-4851-8072-1F736E56222A}.Debug|Any CPU.Build.0 = Debug|Any CPU
		{71F66D5E-2450-4851-8072-1F736E56222A}.Release|Any CPU.ActiveCfg = Release|Any CPU
		{71F66D5E-2450-4851-8072-1F736E56222A}.Release|Any CPU.Build.0 = Release|Any CPU
		{871CD30D-49CE-45A7-9A9D-A93A2BB0FB39}.Debug|Any CPU.ActiveCfg = Debug|Any CPU
		{871CD30D-49CE-45A7-9A9D-A93A2BB0FB39}.Debug|Any CPU.Build.0 = Debug|Any CPU
		{871CD30D-49CE-45A7-9A9D-A93A2BB0FB39}.Release|Any CPU.ActiveCfg = Release|Any CPU
		{871CD30D-49CE-45A7-9A9D-A93A2BB0FB39}.Release|Any CPU.Build.0 = Release|Any CPU
	EndGlobalSection
	GlobalSection(SolutionProperties) = preSolution
		HideSolutionNode = FALSE
	EndGlobalSection
	GlobalSection(ExtensibilityGlobals) = postSolution
		SolutionGuid = {7B62CD27-0FEF-4DBC-BB2B-FD0712E89F42}
	EndGlobalSection
EndGlobal
