
Microsoft Visual Studio Solution File, Format Version 12.00
# Visual Studio Version 17
VisualStudioVersion = 17.2.32630.192
MinimumVisualStudioVersion = 10.0.40219.1
Project("{FAE04EC0-301F-11D3-BF4B-00C04F79EFBC}") = "WebShopV05", "WebShopV05.csproj", "{10988D3C-4801-41C8-9BDD-B28D11334139}"
EndProject
Global
	GlobalSection(SolutionConfigurationPlatforms) = preSolution
		Debug|Any CPU = Debug|Any CPU
		Release|Any CPU = Release|Any CPU
	EndGlobalSection
	GlobalSection(ProjectConfigurationPlatforms) = postSolution
		{10988D3C-4801-41C8-9BDD-B28D11334139}.Debug|Any CPU.ActiveCfg = Debug|Any CPU
		{10988D3C-4801-41C8-9BDD-B28D11334139}.Debug|Any CPU.Build.0 = Debug|Any CPU
		{10988D3C-4801-41C8-9BDD-B28D11334139}.Release|Any CPU.ActiveCfg = Release|Any CPU
		{10988D3C-4801-41C8-9BDD-B28D11334139}.Release|Any CPU.Build.0 = Release|Any CPU
	EndGlobalSection
	GlobalSection(SolutionProperties) = preSolution
		HideSolutionNode = FALSE
	EndGlobalSection
	GlobalSection(ExtensibilityGlobals) = postSolution
		SolutionGuid = {76DBB375-613A-4395-B612-05F477F54B15}
	EndGlobalSection
EndGlobal
