
Microsoft Visual Studio Solution File, Format Version 12.00
# Visual Studio Version 17
VisualStudioVersion = 17.3.32929.385
MinimumVisualStudioVersion = 10.0.40219.1
Project("{FAE04EC0-301F-11D3-BF4B-00C04F79EFBC}") = "Fight1v1", "Fight1v1.csproj", "{8C0B47DF-6B07-4601-9727-523397060E1B}"
EndProject
Global
	GlobalSection(SolutionConfigurationPlatforms) = preSolution
		Debug|Any CPU = Debug|Any CPU
		Release|Any CPU = Release|Any CPU
	EndGlobalSection
	GlobalSection(ProjectConfigurationPlatforms) = postSolution
		{8C0B47DF-6B07-4601-9727-523397060E1B}.Debug|Any CPU.ActiveCfg = Debug|Any CPU
		{8C0B47DF-6B07-4601-9727-523397060E1B}.Debug|Any CPU.Build.0 = Debug|Any CPU
		{8C0B47DF-6B07-4601-9727-523397060E1B}.Release|Any CPU.ActiveCfg = Release|Any CPU
		{8C0B47DF-6B07-4601-9727-523397060E1B}.Release|Any CPU.Build.0 = Release|Any CPU
	EndGlobalSection
	GlobalSection(SolutionProperties) = preSolution
		HideSolutionNode = FALSE
	EndGlobalSection
	GlobalSection(ExtensibilityGlobals) = postSolution
		SolutionGuid = {4AA16CFE-ACA2-45A4-8219-884142640FEC}
	EndGlobalSection
EndGlobal
