
Microsoft Visual Studio Solution File, Format Version 12.00
# Visual Studio Version 17
VisualStudioVersion = 17.3.32929.385
MinimumVisualStudioVersion = 10.0.40219.1
Project("{FAE04EC0-301F-11D3-BF4B-00C04F79EFBC}") = "PersonWithExceptions", "PersonWithExceptions.csproj", "{CCFA6E33-65A0-4878-BE2D-282A77E724BA}"
EndProject
Global
	GlobalSection(SolutionConfigurationPlatforms) = preSolution
		Debug|Any CPU = Debug|Any CPU
		Release|Any CPU = Release|Any CPU
	EndGlobalSection
	GlobalSection(ProjectConfigurationPlatforms) = postSolution
		{CCFA6E33-65A0-4878-BE2D-282A77E724BA}.Debug|Any CPU.ActiveCfg = Debug|Any CPU
		{CCFA6E33-65A0-4878-BE2D-282A77E724BA}.Debug|Any CPU.Build.0 = Debug|Any CPU
		{CCFA6E33-65A0-4878-BE2D-282A77E724BA}.Release|Any CPU.ActiveCfg = Release|Any CPU
		{CCFA6E33-65A0-4878-BE2D-282A77E724BA}.Release|Any CPU.Build.0 = Release|Any CPU
	EndGlobalSection
	GlobalSection(SolutionProperties) = preSolution
		HideSolutionNode = FALSE
	EndGlobalSection
	GlobalSection(ExtensibilityGlobals) = postSolution
		SolutionGuid = {65AB595D-98F7-43B7-9E2C-9F84371627E8}
	EndGlobalSection
EndGlobal
