
Microsoft Visual Studio Solution File, Format Version 12.00
# Visual Studio Version 17
VisualStudioVersion = 17.2.32630.192
MinimumVisualStudioVersion = 10.0.40219.1
Project("{FAE04EC0-301F-11D3-BF4B-00C04F79EFBC}") = "LibraryV10", "LibraryV10\LibraryV10.csproj", "{DAB8CC3E-C465-4ADC-BF14-BE4E03C9165A}"
EndProject
Project("{FAE04EC0-301F-11D3-BF4B-00C04F79EFBC}") = "LibraryV10Tests", "LibraryV10Tests\LibraryV10Tests.csproj", "{543E47DF-D385-44AD-8E09-B7A6219799AA}"
EndProject
Global
	GlobalSection(SolutionConfigurationPlatforms) = preSolution
		Debug|Any CPU = Debug|Any CPU
		Release|Any CPU = Release|Any CPU
	EndGlobalSection
	GlobalSection(ProjectConfigurationPlatforms) = postSolution
		{DAB8CC3E-C465-4ADC-BF14-BE4E03C9165A}.Debug|Any CPU.ActiveCfg = Debug|Any CPU
		{DAB8CC3E-C465-4ADC-BF14-BE4E03C9165A}.Debug|Any CPU.Build.0 = Debug|Any CPU
		{DAB8CC3E-C465-4ADC-BF14-BE4E03C9165A}.Release|Any CPU.ActiveCfg = Release|Any CPU
		{DAB8CC3E-C465-4ADC-BF14-BE4E03C9165A}.Release|Any CPU.Build.0 = Release|Any CPU
		{543E47DF-D385-44AD-8E09-B7A6219799AA}.Debug|Any CPU.ActiveCfg = Debug|Any CPU
		{543E47DF-D385-44AD-8E09-B7A6219799AA}.Debug|Any CPU.Build.0 = Debug|Any CPU
		{543E47DF-D385-44AD-8E09-B7A6219799AA}.Release|Any CPU.ActiveCfg = Release|Any CPU
		{543E47DF-D385-44AD-8E09-B7A6219799AA}.Release|Any CPU.Build.0 = Release|Any CPU
	EndGlobalSection
	GlobalSection(SolutionProperties) = preSolution
		HideSolutionNode = FALSE
	EndGlobalSection
	GlobalSection(ExtensibilityGlobals) = postSolution
		SolutionGuid = {B679BC54-15C6-43A8-A656-C379B46A86EE}
	EndGlobalSection
EndGlobal
