
Microsoft Visual Studio Solution File, Format Version 12.00
# Visual Studio Version 17
VisualStudioVersion = 17.2.32630.192
MinimumVisualStudioVersion = 10.0.40219.1
Project("{FAE04EC0-301F-11D3-BF4B-00C04F79EFBC}") = "WebShopV10", "WebShopV10\WebShopV10.csproj", "{01407F94-21B0-4D16-8E69-6E92690CD762}"
EndProject
Project("{FAE04EC0-301F-11D3-BF4B-00C04F79EFBC}") = "WebShopV10Tests", "WebShopV10Tests\WebShopV10Tests.csproj", "{596F64AB-A10D-4A13-897B-E8A6C81AE090}"
EndProject
Global
	GlobalSection(SolutionConfigurationPlatforms) = preSolution
		Debug|Any CPU = Debug|Any CPU
		Release|Any CPU = Release|Any CPU
	EndGlobalSection
	GlobalSection(ProjectConfigurationPlatforms) = postSolution
		{01407F94-21B0-4D16-8E69-6E92690CD762}.Debug|Any CPU.ActiveCfg = Debug|Any CPU
		{01407F94-21B0-4D16-8E69-6E92690CD762}.Debug|Any CPU.Build.0 = Debug|Any CPU
		{01407F94-21B0-4D16-8E69-6E92690CD762}.Release|Any CPU.ActiveCfg = Release|Any CPU
		{01407F94-21B0-4D16-8E69-6E92690CD762}.Release|Any CPU.Build.0 = Release|Any CPU
		{596F64AB-A10D-4A13-897B-E8A6C81AE090}.Debug|Any CPU.ActiveCfg = Debug|Any CPU
		{596F64AB-A10D-4A13-897B-E8A6C81AE090}.Debug|Any CPU.Build.0 = Debug|Any CPU
		{596F64AB-A10D-4A13-897B-E8A6C81AE090}.Release|Any CPU.ActiveCfg = Release|Any CPU
		{596F64AB-A10D-4A13-897B-E8A6C81AE090}.Release|Any CPU.Build.0 = Release|Any CPU
	EndGlobalSection
	GlobalSection(SolutionProperties) = preSolution
		HideSolutionNode = FALSE
	EndGlobalSection
	GlobalSection(ExtensibilityGlobals) = postSolution
		SolutionGuid = {AC4D9CF4-B6F1-46FE-83F2-9E6E211FE1E3}
	EndGlobalSection
EndGlobal
