
Microsoft Visual Studio Solution File, Format Version 12.00
# Visual Studio Version 17
VisualStudioVersion = 17.3.32929.385
MinimumVisualStudioVersion = 10.0.40219.1
Project("{FAE04EC0-301F-11D3-BF4B-00C04F79EFBC}") = "LINQCocktails", "LINQCocktails.csproj", "{55CC237E-120C-4F68-82CE-A65C03D5DADC}"
EndProject
Project("{2150E333-8FDC-42A3-9474-1A3956D46DE8}") = "Solution Items", "Solution Items", "{7CC97CC2-1661-4A24-9E51-3D7F5C9622DB}"
	ProjectSection(SolutionItems) = preProject
		.editorconfig = .editorconfig
	EndProjectSection
EndProject
Global
	GlobalSection(SolutionConfigurationPlatforms) = preSolution
		Debug|Any CPU = Debug|Any CPU
		Release|Any CPU = Release|Any CPU
	EndGlobalSection
	GlobalSection(ProjectConfigurationPlatforms) = postSolution
		{55CC237E-120C-4F68-82CE-A65C03D5DADC}.Debug|Any CPU.ActiveCfg = Debug|Any CPU
		{55CC237E-120C-4F68-82CE-A65C03D5DADC}.Debug|Any CPU.Build.0 = Debug|Any CPU
		{55CC237E-120C-4F68-82CE-A65C03D5DADC}.Release|Any CPU.ActiveCfg = Release|Any CPU
		{55CC237E-120C-4F68-82CE-A65C03D5DADC}.Release|Any CPU.Build.0 = Release|Any CPU
	EndGlobalSection
	GlobalSection(SolutionProperties) = preSolution
		HideSolutionNode = FALSE
	EndGlobalSection
	GlobalSection(ExtensibilityGlobals) = postSolution
		SolutionGuid = {41072B2A-66A4-4981-81DC-AD297E680ACC}
	EndGlobalSection
EndGlobal
