
Microsoft Visual Studio Solution File, Format Version 12.00
# Visual Studio Version 17
VisualStudioVersion = 17.2.32630.192
MinimumVisualStudioVersion = 10.0.40219.1
Project("{FAE04EC0-301F-11D3-BF4B-00C04F79EFBC}") = "FilteringV10", "FilteringV10.csproj", "{6131B480-8B98-43E3-A337-FA7813A4D0AA}"
EndProject
Global
	GlobalSection(SolutionConfigurationPlatforms) = preSolution
		Debug|Any CPU = Debug|Any CPU
		Release|Any CPU = Release|Any CPU
	EndGlobalSection
	GlobalSection(ProjectConfigurationPlatforms) = postSolution
		{6131B480-8B98-43E3-A337-FA7813A4D0AA}.Debug|Any CPU.ActiveCfg = Debug|Any CPU
		{6131B480-8B98-43E3-A337-FA7813A4D0AA}.Debug|Any CPU.Build.0 = Debug|Any CPU
		{6131B480-8B98-43E3-A337-FA7813A4D0AA}.Release|Any CPU.ActiveCfg = Release|Any CPU
		{6131B480-8B98-43E3-A337-FA7813A4D0AA}.Release|Any CPU.Build.0 = Release|Any CPU
	EndGlobalSection
	GlobalSection(SolutionProperties) = preSolution
		HideSolutionNode = FALSE
	EndGlobalSection
	GlobalSection(ExtensibilityGlobals) = postSolution
		SolutionGuid = {102865B8-4B5F-4AAB-A056-3B51652CA826}
	EndGlobalSection
EndGlobal
