
Microsoft Visual Studio Solution File, Format Version 12.00
# Visual Studio Version 17
VisualStudioVersion = 17.3.32929.385
MinimumVisualStudioVersion = 10.0.40219.1
Project("{FAE04EC0-301F-11D3-BF4B-00C04F79EFBC}") = "BackPacking", "BackPacking.csproj", "{4F59332E-80BC-421F-A0D7-E5AFA8AF940B}"
EndProject
Global
	GlobalSection(SolutionConfigurationPlatforms) = preSolution
		Debug|Any CPU = Debug|Any CPU
		Release|Any CPU = Release|Any CPU
	EndGlobalSection
	GlobalSection(ProjectConfigurationPlatforms) = postSolution
		{4F59332E-80BC-421F-A0D7-E5AFA8AF940B}.Debug|Any CPU.ActiveCfg = Debug|Any CPU
		{4F59332E-80BC-421F-A0D7-E5AFA8AF940B}.Debug|Any CPU.Build.0 = Debug|Any CPU
		{4F59332E-80BC-421F-A0D7-E5AFA8AF940B}.Release|Any CPU.ActiveCfg = Release|Any CPU
		{4F59332E-80BC-421F-A0D7-E5AFA8AF940B}.Release|Any CPU.Build.0 = Release|Any CPU
	EndGlobalSection
	GlobalSection(SolutionProperties) = preSolution
		HideSolutionNode = FALSE
	EndGlobalSection
	GlobalSection(ExtensibilityGlobals) = postSolution
		SolutionGuid = {A97D4F2B-E8F4-462D-8A63-A8659FEA554A}
	EndGlobalSection
EndGlobal
