
Microsoft Visual Studio Solution File, Format Version 12.00
# Visual Studio Version 17
VisualStudioVersion = 17.2.32630.192
MinimumVisualStudioVersion = 10.0.40219.1
Project("{FAE04EC0-301F-11D3-BF4B-00C04F79EFBC}") = "WebShopV06", "WebShopV06.csproj", "{F650D8DE-5DC8-44F7-8996-84A4B06A6025}"
EndProject
Global
	GlobalSection(SolutionConfigurationPlatforms) = preSolution
		Debug|Any CPU = Debug|Any CPU
		Release|Any CPU = Release|Any CPU
	EndGlobalSection
	GlobalSection(ProjectConfigurationPlatforms) = postSolution
		{F650D8DE-5DC8-44F7-8996-84A4B06A6025}.Debug|Any CPU.ActiveCfg = Debug|Any CPU
		{F650D8DE-5DC8-44F7-8996-84A4B06A6025}.Debug|Any CPU.Build.0 = Debug|Any CPU
		{F650D8DE-5DC8-44F7-8996-84A4B06A6025}.Release|Any CPU.ActiveCfg = Release|Any CPU
		{F650D8DE-5DC8-44F7-8996-84A4B06A6025}.Release|Any CPU.Build.0 = Release|Any CPU
	EndGlobalSection
	GlobalSection(SolutionProperties) = preSolution
		HideSolutionNode = FALSE
	EndGlobalSection
	GlobalSection(ExtensibilityGlobals) = postSolution
		SolutionGuid = {9544800D-AE40-4EEE-A664-DD2BD8004120}
	EndGlobalSection
EndGlobal
