
Microsoft Visual Studio Solution File, Format Version 12.00
# Visual Studio Version 17
VisualStudioVersion = 17.2.32630.192
MinimumVisualStudioVersion = 10.0.40219.1
Project("{FAE04EC0-301F-11D3-BF4B-00C04F79EFBC}") = "WebShopV05", "WebShopV05.csproj", "{D7263441-D8AD-47EA-ABCE-77BC5B24BC7B}"
EndProject
Global
	GlobalSection(SolutionConfigurationPlatforms) = preSolution
		Debug|Any CPU = Debug|Any CPU
		Release|Any CPU = Release|Any CPU
	EndGlobalSection
	GlobalSection(ProjectConfigurationPlatforms) = postSolution
		{D7263441-D8AD-47EA-ABCE-77BC5B24BC7B}.Debug|Any CPU.ActiveCfg = Debug|Any CPU
		{D7263441-D8AD-47EA-ABCE-77BC5B24BC7B}.Debug|Any CPU.Build.0 = Debug|Any CPU
		{D7263441-D8AD-47EA-ABCE-77BC5B24BC7B}.Release|Any CPU.ActiveCfg = Release|Any CPU
		{D7263441-D8AD-47EA-ABCE-77BC5B24BC7B}.Release|Any CPU.Build.0 = Release|Any CPU
	EndGlobalSection
	GlobalSection(SolutionProperties) = preSolution
		HideSolutionNode = FALSE
	EndGlobalSection
	GlobalSection(ExtensibilityGlobals) = postSolution
		SolutionGuid = {A8767599-D70C-4313-9C12-8782A60AC3BB}
	EndGlobalSection
EndGlobal
