
Microsoft Visual Studio Solution File, Format Version 12.00
# Visual Studio Version 17
VisualStudioVersion = 17.5.33502.453
MinimumVisualStudioVersion = 10.0.40219.1
Project("{FAE04EC0-301F-11D3-BF4B-00C04F79EFBC}") = "EFCBarDBv1", "EFCBarDBv1.csproj", "{52D3057F-3AA9-4E3F-BD8E-08C9408AD934}"
EndProject
Global
	GlobalSection(SolutionConfigurationPlatforms) = preSolution
		Debug|Any CPU = Debug|Any CPU
		Release|Any CPU = Release|Any CPU
	EndGlobalSection
	GlobalSection(ProjectConfigurationPlatforms) = postSolution
		{52D3057F-3AA9-4E3F-BD8E-08C9408AD934}.Debug|Any CPU.ActiveCfg = Debug|Any CPU
		{52D3057F-3AA9-4E3F-BD8E-08C9408AD934}.Debug|Any CPU.Build.0 = Debug|Any CPU
		{52D3057F-3AA9-4E3F-BD8E-08C9408AD934}.Release|Any CPU.ActiveCfg = Release|Any CPU
		{52D3057F-3AA9-4E3F-BD8E-08C9408AD934}.Release|Any CPU.Build.0 = Release|Any CPU
	EndGlobalSection
	GlobalSection(SolutionProperties) = preSolution
		HideSolutionNode = FALSE
	EndGlobalSection
	GlobalSection(ExtensibilityGlobals) = postSolution
		SolutionGuid = {22DB75EC-994A-49FC-AC7D-BEB68EB103A4}
	EndGlobalSection
EndGlobal
