
Microsoft Visual Studio Solution File, Format Version 12.00
# Visual Studio 15
VisualStudioVersion = 15.0.28307.421
MinimumVisualStudioVersion = 10.0.40219.1
Project("{FAE04EC0-301F-11D3-BF4B-00C04F79EFBC}") = "Patterns", "Patterns\Patterns.csproj", "{9B6FF917-845D-47FB-A7EE-0E29F3587C48}"
EndProject
Global
	GlobalSection(SolutionConfigurationPlatforms) = preSolution
		Debug|Any CPU = Debug|Any CPU
		Release|Any CPU = Release|Any CPU
	EndGlobalSection
	GlobalSection(ProjectConfigurationPlatforms) = postSolution
		{9B6FF917-845D-47FB-A7EE-0E29F3587C48}.Debug|Any CPU.ActiveCfg = Debug|Any CPU
		{9B6FF917-845D-47FB-A7EE-0E29F3587C48}.Debug|Any CPU.Build.0 = Debug|Any CPU
		{9B6FF917-845D-47FB-A7EE-0E29F3587C48}.Release|Any CPU.ActiveCfg = Release|Any CPU
		{9B6FF917-845D-47FB-A7EE-0E29F3587C48}.Release|Any CPU.Build.0 = Release|Any CPU
	EndGlobalSection
	GlobalSection(SolutionProperties) = preSolution
		HideSolutionNode = FALSE
	EndGlobalSection
	GlobalSection(ExtensibilityGlobals) = postSolution
		SolutionGuid = {1CA9D6A0-BCA1-42CF-A2D5-632ED7390F86}
	EndGlobalSection
EndGlobal
