
Microsoft Visual Studio Solution File, Format Version 12.00
# Visual Studio Version 17
VisualStudioVersion = 17.2.32630.192
MinimumVisualStudioVersion = 10.0.40219.1
Project("{FAE04EC0-301F-11D3-BF4B-00C04F79EFBC}") = "WhileLoopsBaseCamp", "WhileLoopsBaseCamp.csproj", "{E7DE445F-0E3D-4919-BF0F-50B8C76F4AD6}"
EndProject
Global
	GlobalSection(SolutionConfigurationPlatforms) = preSolution
		Debug|Any CPU = Debug|Any CPU
		Release|Any CPU = Release|Any CPU
	EndGlobalSection
	GlobalSection(ProjectConfigurationPlatforms) = postSolution
		{E7DE445F-0E3D-4919-BF0F-50B8C76F4AD6}.Debug|Any CPU.ActiveCfg = Debug|Any CPU
		{E7DE445F-0E3D-4919-BF0F-50B8C76F4AD6}.Debug|Any CPU.Build.0 = Debug|Any CPU
		{E7DE445F-0E3D-4919-BF0F-50B8C76F4AD6}.Release|Any CPU.ActiveCfg = Release|Any CPU
		{E7DE445F-0E3D-4919-BF0F-50B8C76F4AD6}.Release|Any CPU.Build.0 = Release|Any CPU
	EndGlobalSection
	GlobalSection(SolutionProperties) = preSolution
		HideSolutionNode = FALSE
	EndGlobalSection
	GlobalSection(ExtensibilityGlobals) = postSolution
		SolutionGuid = {02479CBC-B625-416C-8A0F-6755A8F307E9}
	EndGlobalSection
EndGlobal
