
Microsoft Visual Studio Solution File, Format Version 12.00
# Visual Studio Version 17
VisualStudioVersion = 17.2.32630.192
MinimumVisualStudioVersion = 10.0.40219.1
Project("{FAE04EC0-301F-11D3-BF4B-00C04F79EFBC}") = "BankWithExceptions", "BankWithExceptions.csproj", "{0DD0B669-9A47-488A-8766-58AEF4DEB802}"
EndProject
Global
	GlobalSection(SolutionConfigurationPlatforms) = preSolution
		Debug|Any CPU = Debug|Any CPU
		Release|Any CPU = Release|Any CPU
	EndGlobalSection
	GlobalSection(ProjectConfigurationPlatforms) = postSolution
		{0DD0B669-9A47-488A-8766-58AEF4DEB802}.Debug|Any CPU.ActiveCfg = Debug|Any CPU
		{0DD0B669-9A47-488A-8766-58AEF4DEB802}.Debug|Any CPU.Build.0 = Debug|Any CPU
		{0DD0B669-9A47-488A-8766-58AEF4DEB802}.Release|Any CPU.ActiveCfg = Release|Any CPU
		{0DD0B669-9A47-488A-8766-58AEF4DEB802}.Release|Any CPU.Build.0 = Release|Any CPU
	EndGlobalSection
	GlobalSection(SolutionProperties) = preSolution
		HideSolutionNode = FALSE
	EndGlobalSection
	GlobalSection(ExtensibilityGlobals) = postSolution
		SolutionGuid = {1A35E171-7397-4D6F-9A9E-2C26D5CF9079}
	EndGlobalSection
EndGlobal
