
Microsoft Visual Studio Solution File, Format Version 12.00
# Visual Studio Version 17
VisualStudioVersion = 17.5.33502.453
MinimumVisualStudioVersion = 10.0.40219.1
Project("{FAE04EC0-301F-11D3-BF4B-00C04F79EFBC}") = "ADOBarDBv3", "ADOBarDBv3.csproj", "{4BF1C05A-EA98-4607-9362-34C3939BBBCF}"
EndProject
Global
	GlobalSection(SolutionConfigurationPlatforms) = preSolution
		Debug|Any CPU = Debug|Any CPU
		Release|Any CPU = Release|Any CPU
	EndGlobalSection
	GlobalSection(ProjectConfigurationPlatforms) = postSolution
		{4BF1C05A-EA98-4607-9362-34C3939BBBCF}.Debug|Any CPU.ActiveCfg = Debug|Any CPU
		{4BF1C05A-EA98-4607-9362-34C3939BBBCF}.Debug|Any CPU.Build.0 = Debug|Any CPU
		{4BF1C05A-EA98-4607-9362-34C3939BBBCF}.Release|Any CPU.ActiveCfg = Release|Any CPU
		{4BF1C05A-EA98-4607-9362-34C3939BBBCF}.Release|Any CPU.Build.0 = Release|Any CPU
	EndGlobalSection
	GlobalSection(SolutionProperties) = preSolution
		HideSolutionNode = FALSE
	EndGlobalSection
	GlobalSection(ExtensibilityGlobals) = postSolution
		SolutionGuid = {5425652C-0125-49ED-BCCD-CC8176861FE6}
	EndGlobalSection
EndGlobal
