
Microsoft Visual Studio Solution File, Format Version 12.00
# Visual Studio Version 17
VisualStudioVersion = 17.3.32929.385
MinimumVisualStudioVersion = 10.0.40219.1
Project("{FAE04EC0-301F-11D3-BF4B-00C04F79EFBC}") = "Palindrome", "Palindrome.csproj", "{32722740-1836-462B-83F4-B2652F63EDF9}"
EndProject
Global
	GlobalSection(SolutionConfigurationPlatforms) = preSolution
		Debug|Any CPU = Debug|Any CPU
		Release|Any CPU = Release|Any CPU
	EndGlobalSection
	GlobalSection(ProjectConfigurationPlatforms) = postSolution
		{32722740-1836-462B-83F4-B2652F63EDF9}.Debug|Any CPU.ActiveCfg = Debug|Any CPU
		{32722740-1836-462B-83F4-B2652F63EDF9}.Debug|Any CPU.Build.0 = Debug|Any CPU
		{32722740-1836-462B-83F4-B2652F63EDF9}.Release|Any CPU.ActiveCfg = Release|Any CPU
		{32722740-1836-462B-83F4-B2652F63EDF9}.Release|Any CPU.Build.0 = Release|Any CPU
	EndGlobalSection
	GlobalSection(SolutionProperties) = preSolution
		HideSolutionNode = FALSE
	EndGlobalSection
	GlobalSection(ExtensibilityGlobals) = postSolution
		SolutionGuid = {9A5F4EC4-12EE-4286-91A2-7D10BA1EB0A6}
	EndGlobalSection
EndGlobal
