
Microsoft Visual Studio Solution File, Format Version 12.00
# Visual Studio Version 17
VisualStudioVersion = 17.2.32630.192
MinimumVisualStudioVersion = 10.0.40219.1
Project("{FAE04EC0-301F-11D3-BF4B-00C04F79EFBC}") = "GenericsVariance", "GenericsVariance.csproj", "{D18E3ADD-597D-4279-9A04-B50D180F6C67}"
EndProject
Global
	GlobalSection(SolutionConfigurationPlatforms) = preSolution
		Debug|Any CPU = Debug|Any CPU
		Release|Any CPU = Release|Any CPU
	EndGlobalSection
	GlobalSection(ProjectConfigurationPlatforms) = postSolution
		{D18E3ADD-597D-4279-9A04-B50D180F6C67}.Debug|Any CPU.ActiveCfg = Debug|Any CPU
		{D18E3ADD-597D-4279-9A04-B50D180F6C67}.Debug|Any CPU.Build.0 = Debug|Any CPU
		{D18E3ADD-597D-4279-9A04-B50D180F6C67}.Release|Any CPU.ActiveCfg = Release|Any CPU
		{D18E3ADD-597D-4279-9A04-B50D180F6C67}.Release|Any CPU.Build.0 = Release|Any CPU
	EndGlobalSection
	GlobalSection(SolutionProperties) = preSolution
		HideSolutionNode = FALSE
	EndGlobalSection
	GlobalSection(ExtensibilityGlobals) = postSolution
		SolutionGuid = {01D88CEE-D873-4FA8-92D3-EEC9CAAB5AF7}
	EndGlobalSection
EndGlobal
