
Microsoft Visual Studio Solution File, Format Version 12.00
# Visual Studio Version 17
VisualStudioVersion = 17.3.32929.385
MinimumVisualStudioVersion = 10.0.40219.1
Project("{FAE04EC0-301F-11D3-BF4B-00C04F79EFBC}") = "FateV10", "FateV10.csproj", "{88A8D8DE-19B9-4454-886A-D387CE2447B5}"
EndProject
Project("{2150E333-8FDC-42A3-9474-1A3956D46DE8}") = "Solution Items", "Solution Items", "{5A73AC08-8656-427D-BA30-932820FCB343}"
	ProjectSection(SolutionItems) = preProject
		.editorconfig = .editorconfig
	EndProjectSection
EndProject
Global
	GlobalSection(SolutionConfigurationPlatforms) = preSolution
		Debug|Any CPU = Debug|Any CPU
		Release|Any CPU = Release|Any CPU
	EndGlobalSection
	GlobalSection(ProjectConfigurationPlatforms) = postSolution
		{88A8D8DE-19B9-4454-886A-D387CE2447B5}.Debug|Any CPU.ActiveCfg = Debug|Any CPU
		{88A8D8DE-19B9-4454-886A-D387CE2447B5}.Debug|Any CPU.Build.0 = Debug|Any CPU
		{88A8D8DE-19B9-4454-886A-D387CE2447B5}.Release|Any CPU.ActiveCfg = Release|Any CPU
		{88A8D8DE-19B9-4454-886A-D387CE2447B5}.Release|Any CPU.Build.0 = Release|Any CPU
	EndGlobalSection
	GlobalSection(SolutionProperties) = preSolution
		HideSolutionNode = FALSE
	EndGlobalSection
	GlobalSection(ExtensibilityGlobals) = postSolution
		SolutionGuid = {7E6A5BA0-E84E-4410-A862-58B6C0BB9DC1}
	EndGlobalSection
EndGlobal
