
Microsoft Visual Studio Solution File, Format Version 12.00
# Visual Studio Version 17
VisualStudioVersion = 17.2.32630.192
MinimumVisualStudioVersion = 10.0.40219.1
Project("{FAE04EC0-301F-11D3-BF4B-00C04F79EFBC}") = "WebShopV06", "WebShopV06.csproj", "{55760D2A-3CE7-4A86-90A2-5E511258B01A}"
EndProject
Global
	GlobalSection(SolutionConfigurationPlatforms) = preSolution
		Debug|Any CPU = Debug|Any CPU
		Release|Any CPU = Release|Any CPU
	EndGlobalSection
	GlobalSection(ProjectConfigurationPlatforms) = postSolution
		{55760D2A-3CE7-4A86-90A2-5E511258B01A}.Debug|Any CPU.ActiveCfg = Debug|Any CPU
		{55760D2A-3CE7-4A86-90A2-5E511258B01A}.Debug|Any CPU.Build.0 = Debug|Any CPU
		{55760D2A-3CE7-4A86-90A2-5E511258B01A}.Release|Any CPU.ActiveCfg = Release|Any CPU
		{55760D2A-3CE7-4A86-90A2-5E511258B01A}.Release|Any CPU.Build.0 = Release|Any CPU
	EndGlobalSection
	GlobalSection(SolutionProperties) = preSolution
		HideSolutionNode = FALSE
	EndGlobalSection
	GlobalSection(ExtensibilityGlobals) = postSolution
		SolutionGuid = {8926AEBB-9041-4CA7-99AB-A598E7783E63}
	EndGlobalSection
EndGlobal
