
Microsoft Visual Studio Solution File, Format Version 12.00
# Visual Studio Version 17
VisualStudioVersion = 17.2.32630.192
MinimumVisualStudioVersion = 10.0.40219.1
Project("{FAE04EC0-301F-11D3-BF4B-00C04F79EFBC}") = "Flinter", "Flinter.csproj", "{8F39E5F4-B56D-4B15-A11C-68A35D73E2C3}"
EndProject
Global
	GlobalSection(SolutionConfigurationPlatforms) = preSolution
		Debug|Any CPU = Debug|Any CPU
		Release|Any CPU = Release|Any CPU
	EndGlobalSection
	GlobalSection(ProjectConfigurationPlatforms) = postSolution
		{8F39E5F4-B56D-4B15-A11C-68A35D73E2C3}.Debug|Any CPU.ActiveCfg = Debug|Any CPU
		{8F39E5F4-B56D-4B15-A11C-68A35D73E2C3}.Debug|Any CPU.Build.0 = Debug|Any CPU
		{8F39E5F4-B56D-4B15-A11C-68A35D73E2C3}.Release|Any CPU.ActiveCfg = Release|Any CPU
		{8F39E5F4-B56D-4B15-A11C-68A35D73E2C3}.Release|Any CPU.Build.0 = Release|Any CPU
	EndGlobalSection
	GlobalSection(SolutionProperties) = preSolution
		HideSolutionNode = FALSE
	EndGlobalSection
	GlobalSection(ExtensibilityGlobals) = postSolution
		SolutionGuid = {9458F66F-620A-42DC-B7D2-D77438773E3B}
	EndGlobalSection
EndGlobal
