
Microsoft Visual Studio Solution File, Format Version 12.00
# Visual Studio Version 17
VisualStudioVersion = 17.2.32630.192
MinimumVisualStudioVersion = 10.0.40219.1
Project("{FAE04EC0-301F-11D3-BF4B-00C04F79EFBC}") = "RolePlayV21", "RolePlayV21.csproj", "{203F7E0A-AE6B-4FD8-828E-A5DC7BA2DCC3}"
EndProject
Global
	GlobalSection(SolutionConfigurationPlatforms) = preSolution
		Debug|Any CPU = Debug|Any CPU
		Release|Any CPU = Release|Any CPU
	EndGlobalSection
	GlobalSection(ProjectConfigurationPlatforms) = postSolution
		{203F7E0A-AE6B-4FD8-828E-A5DC7BA2DCC3}.Debug|Any CPU.ActiveCfg = Debug|Any CPU
		{203F7E0A-AE6B-4FD8-828E-A5DC7BA2DCC3}.Debug|Any CPU.Build.0 = Debug|Any CPU
		{203F7E0A-AE6B-4FD8-828E-A5DC7BA2DCC3}.Release|Any CPU.ActiveCfg = Release|Any CPU
		{203F7E0A-AE6B-4FD8-828E-A5DC7BA2DCC3}.Release|Any CPU.Build.0 = Release|Any CPU
	EndGlobalSection
	GlobalSection(SolutionProperties) = preSolution
		HideSolutionNode = FALSE
	EndGlobalSection
	GlobalSection(ExtensibilityGlobals) = postSolution
		SolutionGuid = {4A5A22B0-AF4C-47AB-9812-0CEDEA45945F}
	EndGlobalSection
EndGlobal
