
Microsoft Visual Studio Solution File, Format Version 12.00
# Visual Studio Version 17
VisualStudioVersion = 17.2.32630.192
MinimumVisualStudioVersion = 10.0.40219.1
Project("{FAE04EC0-301F-11D3-BF4B-00C04F79EFBC}") = "EmployeesV10", "EmployeesV10.csproj", "{CFD2A0B6-E6DC-4B57-B22F-647CBDDCE59A}"
EndProject
Global
	GlobalSection(SolutionConfigurationPlatforms) = preSolution
		Debug|Any CPU = Debug|Any CPU
		Release|Any CPU = Release|Any CPU
	EndGlobalSection
	GlobalSection(ProjectConfigurationPlatforms) = postSolution
		{CFD2A0B6-E6DC-4B57-B22F-647CBDDCE59A}.Debug|Any CPU.ActiveCfg = Debug|Any CPU
		{CFD2A0B6-E6DC-4B57-B22F-647CBDDCE59A}.Debug|Any CPU.Build.0 = Debug|Any CPU
		{CFD2A0B6-E6DC-4B57-B22F-647CBDDCE59A}.Release|Any CPU.ActiveCfg = Release|Any CPU
		{CFD2A0B6-E6DC-4B57-B22F-647CBDDCE59A}.Release|Any CPU.Build.0 = Release|Any CPU
	EndGlobalSection
	GlobalSection(SolutionProperties) = preSolution
		HideSolutionNode = FALSE
	EndGlobalSection
	GlobalSection(ExtensibilityGlobals) = postSolution
		SolutionGuid = {B9905CC8-B80D-4B90-991E-A69639D1C609}
	EndGlobalSection
EndGlobal
