
Microsoft Visual Studio Solution File, Format Version 12.00
# Visual Studio Version 17
VisualStudioVersion = 17.2.32630.192
MinimumVisualStudioVersion = 10.0.40219.1
Project("{9A19103F-16F7-4668-BE54-9A1E7A4F7556}") = "GenericRepository", "GenericRepository.csproj", "{2203625A-B97F-4F3C-BAEE-491CB9DF10BF}"
EndProject
Global
	GlobalSection(SolutionConfigurationPlatforms) = preSolution
		Debug|Any CPU = Debug|Any CPU
		Release|Any CPU = Release|Any CPU
	EndGlobalSection
	GlobalSection(ProjectConfigurationPlatforms) = postSolution
		{2203625A-B97F-4F3C-BAEE-491CB9DF10BF}.Debug|Any CPU.ActiveCfg = Debug|Any CPU
		{2203625A-B97F-4F3C-BAEE-491CB9DF10BF}.Debug|Any CPU.Build.0 = Debug|Any CPU
		{2203625A-B97F-4F3C-BAEE-491CB9DF10BF}.Release|Any CPU.ActiveCfg = Release|Any CPU
		{2203625A-B97F-4F3C-BAEE-491CB9DF10BF}.Release|Any CPU.Build.0 = Release|Any CPU
	EndGlobalSection
	GlobalSection(SolutionProperties) = preSolution
		HideSolutionNode = FALSE
	EndGlobalSection
	GlobalSection(ExtensibilityGlobals) = postSolution
		SolutionGuid = {29307FAB-51F8-4E4F-BF69-E1B61B335A87}
	EndGlobalSection
EndGlobal
