
Microsoft Visual Studio Solution File, Format Version 12.00
# Visual Studio Version 17
VisualStudioVersion = 17.2.32630.192
MinimumVisualStudioVersion = 10.0.40219.1
Project("{FAE04EC0-301F-11D3-BF4B-00C04F79EFBC}") = "WeaponShopV10", "WeaponShopV10.csproj", "{544F7853-EF26-4365-A2F0-9F6E32651AF4}"
EndProject
Global
	GlobalSection(SolutionConfigurationPlatforms) = preSolution
		Debug|Any CPU = Debug|Any CPU
		Release|Any CPU = Release|Any CPU
	EndGlobalSection
	GlobalSection(ProjectConfigurationPlatforms) = postSolution
		{544F7853-EF26-4365-A2F0-9F6E32651AF4}.Debug|Any CPU.ActiveCfg = Debug|Any CPU
		{544F7853-EF26-4365-A2F0-9F6E32651AF4}.Debug|Any CPU.Build.0 = Debug|Any CPU
		{544F7853-EF26-4365-A2F0-9F6E32651AF4}.Release|Any CPU.ActiveCfg = Release|Any CPU
		{544F7853-EF26-4365-A2F0-9F6E32651AF4}.Release|Any CPU.Build.0 = Release|Any CPU
	EndGlobalSection
	GlobalSection(SolutionProperties) = preSolution
		HideSolutionNode = FALSE
	EndGlobalSection
	GlobalSection(ExtensibilityGlobals) = postSolution
		SolutionGuid = {1E1E152B-F124-47F3-8951-D9BE1C7CF215}
	EndGlobalSection
EndGlobal
