
Microsoft Visual Studio Solution File, Format Version 12.00
# Visual Studio Version 17
VisualStudioVersion = 17.2.32630.192
MinimumVisualStudioVersion = 10.0.40219.1
Project("{FAE04EC0-301F-11D3-BF4B-00C04F79EFBC}") = "CorrectChangeAutomat", "CorrectChangeAutomat.csproj", "{B0C1A595-C60D-49BF-BF0E-B34131E3CE47}"
EndProject
Global
	GlobalSection(SolutionConfigurationPlatforms) = preSolution
		Debug|Any CPU = Debug|Any CPU
		Release|Any CPU = Release|Any CPU
	EndGlobalSection
	GlobalSection(ProjectConfigurationPlatforms) = postSolution
		{B0C1A595-C60D-49BF-BF0E-B34131E3CE47}.Debug|Any CPU.ActiveCfg = Debug|Any CPU
		{B0C1A595-C60D-49BF-BF0E-B34131E3CE47}.Debug|Any CPU.Build.0 = Debug|Any CPU
		{B0C1A595-C60D-49BF-BF0E-B34131E3CE47}.Release|Any CPU.ActiveCfg = Release|Any CPU
		{B0C1A595-C60D-49BF-BF0E-B34131E3CE47}.Release|Any CPU.Build.0 = Release|Any CPU
	EndGlobalSection
	GlobalSection(SolutionProperties) = preSolution
		HideSolutionNode = FALSE
	EndGlobalSection
	GlobalSection(ExtensibilityGlobals) = postSolution
		SolutionGuid = {7D5B128C-1332-4147-9466-5C04221D294A}
	EndGlobalSection
EndGlobal
