
Microsoft Visual Studio Solution File, Format Version 12.00
# Visual Studio Version 17
VisualStudioVersion = 17.2.32630.192
MinimumVisualStudioVersion = 10.0.40219.1
Project("{FAE04EC0-301F-11D3-BF4B-00C04F79EFBC}") = "WhileLoopsBaseCamp", "WhileLoopsBaseCamp.csproj", "{4680F039-8465-4334-997A-EE517849B56B}"
EndProject
Global
	GlobalSection(SolutionConfigurationPlatforms) = preSolution
		Debug|Any CPU = Debug|Any CPU
		Release|Any CPU = Release|Any CPU
	EndGlobalSection
	GlobalSection(ProjectConfigurationPlatforms) = postSolution
		{4680F039-8465-4334-997A-EE517849B56B}.Debug|Any CPU.ActiveCfg = Debug|Any CPU
		{4680F039-8465-4334-997A-EE517849B56B}.Debug|Any CPU.Build.0 = Debug|Any CPU
		{4680F039-8465-4334-997A-EE517849B56B}.Release|Any CPU.ActiveCfg = Release|Any CPU
		{4680F039-8465-4334-997A-EE517849B56B}.Release|Any CPU.Build.0 = Release|Any CPU
	EndGlobalSection
	GlobalSection(SolutionProperties) = preSolution
		HideSolutionNode = FALSE
	EndGlobalSection
	GlobalSection(ExtensibilityGlobals) = postSolution
		SolutionGuid = {AAE4DD23-F727-4BA6-9E7A-F3B768EBF049}
	EndGlobalSection
EndGlobal
