
Microsoft Visual Studio Solution File, Format Version 12.00
# Visual Studio Version 17
VisualStudioVersion = 17.2.32630.192
MinimumVisualStudioVersion = 10.0.40219.1
Project("{FAE04EC0-301F-11D3-BF4B-00C04F79EFBC}") = "BankV10", "BankV10.csproj", "{EE4C8AF3-71E6-430B-B0CE-709E04988719}"
EndProject
Global
	GlobalSection(SolutionConfigurationPlatforms) = preSolution
		Debug|Any CPU = Debug|Any CPU
		Release|Any CPU = Release|Any CPU
	EndGlobalSection
	GlobalSection(ProjectConfigurationPlatforms) = postSolution
		{EE4C8AF3-71E6-430B-B0CE-709E04988719}.Debug|Any CPU.ActiveCfg = Debug|Any CPU
		{EE4C8AF3-71E6-430B-B0CE-709E04988719}.Debug|Any CPU.Build.0 = Debug|Any CPU
		{EE4C8AF3-71E6-430B-B0CE-709E04988719}.Release|Any CPU.ActiveCfg = Release|Any CPU
		{EE4C8AF3-71E6-430B-B0CE-709E04988719}.Release|Any CPU.Build.0 = Release|Any CPU
	EndGlobalSection
	GlobalSection(SolutionProperties) = preSolution
		HideSolutionNode = FALSE
	EndGlobalSection
	GlobalSection(ExtensibilityGlobals) = postSolution
		SolutionGuid = {B11EFFFE-C231-45FB-A539-C6FE8D1D5121}
	EndGlobalSection
EndGlobal
