
Microsoft Visual Studio Solution File, Format Version 12.00
# Visual Studio Version 17
VisualStudioVersion = 17.2.32630.192
MinimumVisualStudioVersion = 10.0.40219.1
Project("{FAE04EC0-301F-11D3-BF4B-00C04F79EFBC}") = "MovieManagerV05", "MovieManagerV05.csproj", "{591CCE16-CC6B-40D8-AD36-AA15A6DBFF59}"
EndProject
Global
	GlobalSection(SolutionConfigurationPlatforms) = preSolution
		Debug|Any CPU = Debug|Any CPU
		Release|Any CPU = Release|Any CPU
	EndGlobalSection
	GlobalSection(ProjectConfigurationPlatforms) = postSolution
		{591CCE16-CC6B-40D8-AD36-AA15A6DBFF59}.Debug|Any CPU.ActiveCfg = Debug|Any CPU
		{591CCE16-CC6B-40D8-AD36-AA15A6DBFF59}.Debug|Any CPU.Build.0 = Debug|Any CPU
		{591CCE16-CC6B-40D8-AD36-AA15A6DBFF59}.Release|Any CPU.ActiveCfg = Release|Any CPU
		{591CCE16-CC6B-40D8-AD36-AA15A6DBFF59}.Release|Any CPU.Build.0 = Release|Any CPU
	EndGlobalSection
	GlobalSection(SolutionProperties) = preSolution
		HideSolutionNode = FALSE
	EndGlobalSection
	GlobalSection(ExtensibilityGlobals) = postSolution
		SolutionGuid = {E5503352-BB35-49B7-95C0-766715771725}
	EndGlobalSection
EndGlobal
