
Microsoft Visual Studio Solution File, Format Version 12.00
# Visual Studio Version 17
VisualStudioVersion = 17.3.32929.385
MinimumVisualStudioVersion = 10.0.40219.1
Project("{FAE04EC0-301F-11D3-BF4B-00C04F79EFBC}") = "NPCAnimationManager", "NPCAnimationManager.csproj", "{23B506B4-CA03-4148-BA3A-D1A85CCA7BF5}"
EndProject
Global
	GlobalSection(SolutionConfigurationPlatforms) = preSolution
		Debug|Any CPU = Debug|Any CPU
		Release|Any CPU = Release|Any CPU
	EndGlobalSection
	GlobalSection(ProjectConfigurationPlatforms) = postSolution
		{23B506B4-CA03-4148-BA3A-D1A85CCA7BF5}.Debug|Any CPU.ActiveCfg = Debug|Any CPU
		{23B506B4-CA03-4148-BA3A-D1A85CCA7BF5}.Debug|Any CPU.Build.0 = Debug|Any CPU
		{23B506B4-CA03-4148-BA3A-D1A85CCA7BF5}.Release|Any CPU.ActiveCfg = Release|Any CPU
		{23B506B4-CA03-4148-BA3A-D1A85CCA7BF5}.Release|Any CPU.Build.0 = Release|Any CPU
	EndGlobalSection
	GlobalSection(SolutionProperties) = preSolution
		HideSolutionNode = FALSE
	EndGlobalSection
	GlobalSection(ExtensibilityGlobals) = postSolution
		SolutionGuid = {218360E2-AF66-4903-86F7-87CA223EA499}
	EndGlobalSection
EndGlobal
