
Microsoft Visual Studio Solution File, Format Version 12.00
# Visual Studio Version 17
VisualStudioVersion = 17.3.32929.385
MinimumVisualStudioVersion = 10.0.40219.1
Project("{FAE04EC0-301F-11D3-BF4B-00C04F79EFBC}") = "ConsoleEFCDemo", "ConsoleEFCDemo.csproj", "{BD7BDA1E-C932-41CF-899D-A72AADCD696B}"
EndProject
Global
	GlobalSection(SolutionConfigurationPlatforms) = preSolution
		Debug|Any CPU = Debug|Any CPU
		Release|Any CPU = Release|Any CPU
	EndGlobalSection
	GlobalSection(ProjectConfigurationPlatforms) = postSolution
		{BD7BDA1E-C932-41CF-899D-A72AADCD696B}.Debug|Any CPU.ActiveCfg = Debug|Any CPU
		{BD7BDA1E-C932-41CF-899D-A72AADCD696B}.Debug|Any CPU.Build.0 = Debug|Any CPU
		{BD7BDA1E-C932-41CF-899D-A72AADCD696B}.Release|Any CPU.ActiveCfg = Release|Any CPU
		{BD7BDA1E-C932-41CF-899D-A72AADCD696B}.Release|Any CPU.Build.0 = Release|Any CPU
	EndGlobalSection
	GlobalSection(SolutionProperties) = preSolution
		HideSolutionNode = FALSE
	EndGlobalSection
	GlobalSection(ExtensibilityGlobals) = postSolution
		SolutionGuid = {37EDE2ED-A2BA-4F79-B8B7-070FF126E43B}
	EndGlobalSection
EndGlobal
