
Microsoft Visual Studio Solution File, Format Version 12.00
# Visual Studio Version 17
VisualStudioVersion = 17.3.32929.385
MinimumVisualStudioVersion = 10.0.40219.1
Project("{9A19103F-16F7-4668-BE54-9A1E7A4F7556}") = "HowTo", "HowTo.csproj", "{F69230B8-526D-4608-953F-19F09F7F7D5A}"
EndProject
Project("{2150E333-8FDC-42A3-9474-1A3956D46DE8}") = "Solution Items", "Solution Items", "{21CC6DFB-CEBF-4A00-8C72-FC6BDF0FF3BE}"
	ProjectSection(SolutionItems) = preProject
		.editorconfig = .editorconfig
	EndProjectSection
EndProject
Global
	GlobalSection(SolutionConfigurationPlatforms) = preSolution
		Debug|Any CPU = Debug|Any CPU
		Release|Any CPU = Release|Any CPU
	EndGlobalSection
	GlobalSection(ProjectConfigurationPlatforms) = postSolution
		{F69230B8-526D-4608-953F-19F09F7F7D5A}.Debug|Any CPU.ActiveCfg = Debug|Any CPU
		{F69230B8-526D-4608-953F-19F09F7F7D5A}.Debug|Any CPU.Build.0 = Debug|Any CPU
		{F69230B8-526D-4608-953F-19F09F7F7D5A}.Release|Any CPU.ActiveCfg = Release|Any CPU
		{F69230B8-526D-4608-953F-19F09F7F7D5A}.Release|Any CPU.Build.0 = Release|Any CPU
	EndGlobalSection
	GlobalSection(SolutionProperties) = preSolution
		HideSolutionNode = FALSE
	EndGlobalSection
	GlobalSection(ExtensibilityGlobals) = postSolution
		SolutionGuid = {32A742E0-F1D3-4A17-A269-A94ABC8A25ED}
	EndGlobalSection
EndGlobal
