
Microsoft Visual Studio Solution File, Format Version 12.00
# Visual Studio Version 17
VisualStudioVersion = 17.3.32929.385
MinimumVisualStudioVersion = 10.0.40219.1
Project("{FAE04EC0-301F-11D3-BF4B-00C04F79EFBC}") = "RazorPageEFCDemo", "RazorPageEFCDemo.csproj", "{F87FC978-0E39-4C45-B503-233771BB1944}"
EndProject
Global
	GlobalSection(SolutionConfigurationPlatforms) = preSolution
		Debug|Any CPU = Debug|Any CPU
		Release|Any CPU = Release|Any CPU
	EndGlobalSection
	GlobalSection(ProjectConfigurationPlatforms) = postSolution
		{F87FC978-0E39-4C45-B503-233771BB1944}.Debug|Any CPU.ActiveCfg = Debug|Any CPU
		{F87FC978-0E39-4C45-B503-233771BB1944}.Debug|Any CPU.Build.0 = Debug|Any CPU
		{F87FC978-0E39-4C45-B503-233771BB1944}.Release|Any CPU.ActiveCfg = Release|Any CPU
		{F87FC978-0E39-4C45-B503-233771BB1944}.Release|Any CPU.Build.0 = Release|Any CPU
	EndGlobalSection
	GlobalSection(SolutionProperties) = preSolution
		HideSolutionNode = FALSE
	EndGlobalSection
	GlobalSection(ExtensibilityGlobals) = postSolution
		SolutionGuid = {165CBD61-756A-49C2-A3BD-430290E5A4A0}
	EndGlobalSection
EndGlobal
