
Microsoft Visual Studio Solution File, Format Version 12.00
# Visual Studio Version 17
VisualStudioVersion = 17.2.32630.192
MinimumVisualStudioVersion = 10.0.40219.1
Project("{FAE04EC0-301F-11D3-BF4B-00C04F79EFBC}") = "BankWithExceptions", "BankWithExceptions.csproj", "{A1D2917A-E45E-411E-9BF8-D69F13F6566C}"
EndProject
Global
	GlobalSection(SolutionConfigurationPlatforms) = preSolution
		Debug|Any CPU = Debug|Any CPU
		Release|Any CPU = Release|Any CPU
	EndGlobalSection
	GlobalSection(ProjectConfigurationPlatforms) = postSolution
		{A1D2917A-E45E-411E-9BF8-D69F13F6566C}.Debug|Any CPU.ActiveCfg = Debug|Any CPU
		{A1D2917A-E45E-411E-9BF8-D69F13F6566C}.Debug|Any CPU.Build.0 = Debug|Any CPU
		{A1D2917A-E45E-411E-9BF8-D69F13F6566C}.Release|Any CPU.ActiveCfg = Release|Any CPU
		{A1D2917A-E45E-411E-9BF8-D69F13F6566C}.Release|Any CPU.Build.0 = Release|Any CPU
	EndGlobalSection
	GlobalSection(SolutionProperties) = preSolution
		HideSolutionNode = FALSE
	EndGlobalSection
	GlobalSection(ExtensibilityGlobals) = postSolution
		SolutionGuid = {AD06A2BB-D6B3-4E20-B78D-5497DB53841B}
	EndGlobalSection
EndGlobal
