
Microsoft Visual Studio Solution File, Format Version 12.00
# Visual Studio Version 17
VisualStudioVersion = 17.2.32630.192
MinimumVisualStudioVersion = 10.0.40219.1
Project("{FAE04EC0-301F-11D3-BF4B-00C04F79EFBC}") = "WTF", "WTF.csproj", "{6C1FFACA-2EAF-4F26-99BD-34A69F9A0D3F}"
EndProject
Global
	GlobalSection(SolutionConfigurationPlatforms) = preSolution
		Debug|Any CPU = Debug|Any CPU
		Release|Any CPU = Release|Any CPU
	EndGlobalSection
	GlobalSection(ProjectConfigurationPlatforms) = postSolution
		{6C1FFACA-2EAF-4F26-99BD-34A69F9A0D3F}.Debug|Any CPU.ActiveCfg = Debug|Any CPU
		{6C1FFACA-2EAF-4F26-99BD-34A69F9A0D3F}.Debug|Any CPU.Build.0 = Debug|Any CPU
		{6C1FFACA-2EAF-4F26-99BD-34A69F9A0D3F}.Release|Any CPU.ActiveCfg = Release|Any CPU
		{6C1FFACA-2EAF-4F26-99BD-34A69F9A0D3F}.Release|Any CPU.Build.0 = Release|Any CPU
	EndGlobalSection
	GlobalSection(SolutionProperties) = preSolution
		HideSolutionNode = FALSE
	EndGlobalSection
	GlobalSection(ExtensibilityGlobals) = postSolution
		SolutionGuid = {1CE70E50-1753-4AA1-B034-309F76C96944}
	EndGlobalSection
EndGlobal
