
Microsoft Visual Studio Solution File, Format Version 12.00
# Visual Studio Version 17
VisualStudioVersion = 17.2.32630.192
MinimumVisualStudioVersion = 10.0.40219.1
Project("{FAE04EC0-301F-11D3-BF4B-00C04F79EFBC}") = "WebShopV10", "WebShopV10\WebShopV10.csproj", "{0E7DFEC1-04B7-4B91-9C0F-48DCB9F69FB6}"
EndProject
Project("{FAE04EC0-301F-11D3-BF4B-00C04F79EFBC}") = "WebShopV10Tests", "WebShopV10Tests\WebShopV10Tests.csproj", "{3D9A03EB-4B8C-4FFC-9E66-393953756C68}"
EndProject
Global
	GlobalSection(SolutionConfigurationPlatforms) = preSolution
		Debug|Any CPU = Debug|Any CPU
		Release|Any CPU = Release|Any CPU
	EndGlobalSection
	GlobalSection(ProjectConfigurationPlatforms) = postSolution
		{0E7DFEC1-04B7-4B91-9C0F-48DCB9F69FB6}.Debug|Any CPU.ActiveCfg = Debug|Any CPU
		{0E7DFEC1-04B7-4B91-9C0F-48DCB9F69FB6}.Debug|Any CPU.Build.0 = Debug|Any CPU
		{0E7DFEC1-04B7-4B91-9C0F-48DCB9F69FB6}.Release|Any CPU.ActiveCfg = Release|Any CPU
		{0E7DFEC1-04B7-4B91-9C0F-48DCB9F69FB6}.Release|Any CPU.Build.0 = Release|Any CPU
		{3D9A03EB-4B8C-4FFC-9E66-393953756C68}.Debug|Any CPU.ActiveCfg = Debug|Any CPU
		{3D9A03EB-4B8C-4FFC-9E66-393953756C68}.Debug|Any CPU.Build.0 = Debug|Any CPU
		{3D9A03EB-4B8C-4FFC-9E66-393953756C68}.Release|Any CPU.ActiveCfg = Release|Any CPU
		{3D9A03EB-4B8C-4FFC-9E66-393953756C68}.Release|Any CPU.Build.0 = Release|Any CPU
	EndGlobalSection
	GlobalSection(SolutionProperties) = preSolution
		HideSolutionNode = FALSE
	EndGlobalSection
	GlobalSection(ExtensibilityGlobals) = postSolution
		SolutionGuid = {C6798E9B-5C51-4ECA-9131-0D336DB327C4}
	EndGlobalSection
EndGlobal
