
Microsoft Visual Studio Solution File, Format Version 12.00
# Visual Studio Version 17
VisualStudioVersion = 17.2.32630.192
MinimumVisualStudioVersion = 10.0.40219.1
Project("{FAE04EC0-301F-11D3-BF4B-00C04F79EFBC}") = "WeatherStationV10", "WeatherStationV10.csproj", "{2E2D087E-427F-4EE0-9A41-88ACB8837DEF}"
EndProject
Global
	GlobalSection(SolutionConfigurationPlatforms) = preSolution
		Debug|Any CPU = Debug|Any CPU
		Release|Any CPU = Release|Any CPU
	EndGlobalSection
	GlobalSection(ProjectConfigurationPlatforms) = postSolution
		{2E2D087E-427F-4EE0-9A41-88ACB8837DEF}.Debug|Any CPU.ActiveCfg = Debug|Any CPU
		{2E2D087E-427F-4EE0-9A41-88ACB8837DEF}.Debug|Any CPU.Build.0 = Debug|Any CPU
		{2E2D087E-427F-4EE0-9A41-88ACB8837DEF}.Release|Any CPU.ActiveCfg = Release|Any CPU
		{2E2D087E-427F-4EE0-9A41-88ACB8837DEF}.Release|Any CPU.Build.0 = Release|Any CPU
	EndGlobalSection
	GlobalSection(SolutionProperties) = preSolution
		HideSolutionNode = FALSE
	EndGlobalSection
	GlobalSection(ExtensibilityGlobals) = postSolution
		SolutionGuid = {19FBBC48-3F6F-4456-A47F-C26AF85E15C5}
	EndGlobalSection
EndGlobal
