
Microsoft Visual Studio Solution File, Format Version 12.00
# Visual Studio Version 17
VisualStudioVersion = 17.2.32630.192
MinimumVisualStudioVersion = 10.0.40219.1
Project("{FAE04EC0-301F-11D3-BF4B-00C04F79EFBC}") = "CarDealershipV05", "CarDealershipV05.csproj", "{F8FB0A5D-2FBF-40BE-8BF4-ADE056D865CA}"
EndProject
Global
	GlobalSection(SolutionConfigurationPlatforms) = preSolution
		Debug|Any CPU = Debug|Any CPU
		Release|Any CPU = Release|Any CPU
	EndGlobalSection
	GlobalSection(ProjectConfigurationPlatforms) = postSolution
		{F8FB0A5D-2FBF-40BE-8BF4-ADE056D865CA}.Debug|Any CPU.ActiveCfg = Debug|Any CPU
		{F8FB0A5D-2FBF-40BE-8BF4-ADE056D865CA}.Debug|Any CPU.Build.0 = Debug|Any CPU
		{F8FB0A5D-2FBF-40BE-8BF4-ADE056D865CA}.Release|Any CPU.ActiveCfg = Release|Any CPU
		{F8FB0A5D-2FBF-40BE-8BF4-ADE056D865CA}.Release|Any CPU.Build.0 = Release|Any CPU
	EndGlobalSection
	GlobalSection(SolutionProperties) = preSolution
		HideSolutionNode = FALSE
	EndGlobalSection
	GlobalSection(ExtensibilityGlobals) = postSolution
		SolutionGuid = {BE0A9D2F-67C4-42EF-878C-7A3D90DE596A}
	EndGlobalSection
EndGlobal
