
Microsoft Visual Studio Solution File, Format Version 12.00
# Visual Studio Version 17
VisualStudioVersion = 17.3.32929.385
MinimumVisualStudioVersion = 10.0.40219.1
Project("{FAE04EC0-301F-11D3-BF4B-00C04F79EFBC}") = "SchoolAdministrationV15", "SchoolAdministrationV15.csproj", "{26D0F87D-A68D-413B-BEA4-023F728FA81F}"
EndProject
Global
	GlobalSection(SolutionConfigurationPlatforms) = preSolution
		Debug|Any CPU = Debug|Any CPU
		Release|Any CPU = Release|Any CPU
	EndGlobalSection
	GlobalSection(ProjectConfigurationPlatforms) = postSolution
		{26D0F87D-A68D-413B-BEA4-023F728FA81F}.Debug|Any CPU.ActiveCfg = Debug|Any CPU
		{26D0F87D-A68D-413B-BEA4-023F728FA81F}.Debug|Any CPU.Build.0 = Debug|Any CPU
		{26D0F87D-A68D-413B-BEA4-023F728FA81F}.Release|Any CPU.ActiveCfg = Release|Any CPU
		{26D0F87D-A68D-413B-BEA4-023F728FA81F}.Release|Any CPU.Build.0 = Release|Any CPU
	EndGlobalSection
	GlobalSection(SolutionProperties) = preSolution
		HideSolutionNode = FALSE
	EndGlobalSection
	GlobalSection(ExtensibilityGlobals) = postSolution
		SolutionGuid = {DDC191D8-C1B4-4680-B37B-C8B19F29D460}
	EndGlobalSection
EndGlobal
