
Microsoft Visual Studio Solution File, Format Version 12.00
# Visual Studio Version 17
VisualStudioVersion = 17.2.32630.192
MinimumVisualStudioVersion = 10.0.40219.1
Project("{FAE04EC0-301F-11D3-BF4B-00C04F79EFBC}") = "ClockV10", "ClockV10.csproj", "{8F24415E-6CBD-4923-BF86-00CA56490AF5}"
EndProject
Global
	GlobalSection(SolutionConfigurationPlatforms) = preSolution
		Debug|Any CPU = Debug|Any CPU
		Release|Any CPU = Release|Any CPU
	EndGlobalSection
	GlobalSection(ProjectConfigurationPlatforms) = postSolution
		{8F24415E-6CBD-4923-BF86-00CA56490AF5}.Debug|Any CPU.ActiveCfg = Debug|Any CPU
		{8F24415E-6CBD-4923-BF86-00CA56490AF5}.Debug|Any CPU.Build.0 = Debug|Any CPU
		{8F24415E-6CBD-4923-BF86-00CA56490AF5}.Release|Any CPU.ActiveCfg = Release|Any CPU
		{8F24415E-6CBD-4923-BF86-00CA56490AF5}.Release|Any CPU.Build.0 = Release|Any CPU
	EndGlobalSection
	GlobalSection(SolutionProperties) = preSolution
		HideSolutionNode = FALSE
	EndGlobalSection
	GlobalSection(ExtensibilityGlobals) = postSolution
		SolutionGuid = {CD3481D4-8D11-4591-A92E-A04C9FCBF1CE}
	EndGlobalSection
EndGlobal
