
Microsoft Visual Studio Solution File, Format Version 12.00
# Visual Studio Version 17
VisualStudioVersion = 17.2.32630.192
MinimumVisualStudioVersion = 10.0.40219.1
Project("{FAE04EC0-301F-11D3-BF4B-00C04F79EFBC}") = "LambdaAnimals", "LambdaAnimals.csproj", "{FF9342AD-1B12-4EF4-9589-F346A0ECA19A}"
EndProject
Global
	GlobalSection(SolutionConfigurationPlatforms) = preSolution
		Debug|Any CPU = Debug|Any CPU
		Release|Any CPU = Release|Any CPU
	EndGlobalSection
	GlobalSection(ProjectConfigurationPlatforms) = postSolution
		{FF9342AD-1B12-4EF4-9589-F346A0ECA19A}.Debug|Any CPU.ActiveCfg = Debug|Any CPU
		{FF9342AD-1B12-4EF4-9589-F346A0ECA19A}.Debug|Any CPU.Build.0 = Debug|Any CPU
		{FF9342AD-1B12-4EF4-9589-F346A0ECA19A}.Release|Any CPU.ActiveCfg = Release|Any CPU
		{FF9342AD-1B12-4EF4-9589-F346A0ECA19A}.Release|Any CPU.Build.0 = Release|Any CPU
	EndGlobalSection
	GlobalSection(SolutionProperties) = preSolution
		HideSolutionNode = FALSE
	EndGlobalSection
	GlobalSection(ExtensibilityGlobals) = postSolution
		SolutionGuid = {98523668-DCA7-40BA-9944-DBFDAED4AEE0}
	EndGlobalSection
EndGlobal
