
Microsoft Visual Studio Solution File, Format Version 12.00
# Visual Studio Version 17
VisualStudioVersion = 17.2.32630.192
MinimumVisualStudioVersion = 10.0.40219.1
Project("{FAE04EC0-301F-11D3-BF4B-00C04F79EFBC}") = "FilteringV10", "FilteringV10.csproj", "{4E861376-729C-40C7-A160-719B612D4F60}"
EndProject
Global
	GlobalSection(SolutionConfigurationPlatforms) = preSolution
		Debug|Any CPU = Debug|Any CPU
		Release|Any CPU = Release|Any CPU
	EndGlobalSection
	GlobalSection(ProjectConfigurationPlatforms) = postSolution
		{4E861376-729C-40C7-A160-719B612D4F60}.Debug|Any CPU.ActiveCfg = Debug|Any CPU
		{4E861376-729C-40C7-A160-719B612D4F60}.Debug|Any CPU.Build.0 = Debug|Any CPU
		{4E861376-729C-40C7-A160-719B612D4F60}.Release|Any CPU.ActiveCfg = Release|Any CPU
		{4E861376-729C-40C7-A160-719B612D4F60}.Release|Any CPU.Build.0 = Release|Any CPU
	EndGlobalSection
	GlobalSection(SolutionProperties) = preSolution
		HideSolutionNode = FALSE
	EndGlobalSection
	GlobalSection(ExtensibilityGlobals) = postSolution
		SolutionGuid = {1A75716D-9DCF-498B-BDD5-DA0B985B3590}
	EndGlobalSection
EndGlobal
