
Microsoft Visual Studio Solution File, Format Version 12.00
# Visual Studio Version 17
VisualStudioVersion = 17.3.32901.215
MinimumVisualStudioVersion = 10.0.40219.1
Project("{FAE04EC0-301F-11D3-BF4B-00C04F79EFBC}") = "TestExampleC", "TestExampleC\TestExampleC.csproj", "{21942BCC-3D98-42B3-8A7E-04E518829641}"
EndProject
Project("{FAE04EC0-301F-11D3-BF4B-00C04F79EFBC}") = "UnitTestProject", "UnitTestProject\UnitTestProject.csproj", "{3F2E768F-7582-4762-B98E-5A866D6BB751}"
EndProject
Global
	GlobalSection(SolutionConfigurationPlatforms) = preSolution
		Debug|Any CPU = Debug|Any CPU
		Release|Any CPU = Release|Any CPU
	EndGlobalSection
	GlobalSection(ProjectConfigurationPlatforms) = postSolution
		{21942BCC-3D98-42B3-8A7E-04E518829641}.Debug|Any CPU.ActiveCfg = Debug|Any CPU
		{21942BCC-3D98-42B3-8A7E-04E518829641}.Debug|Any CPU.Build.0 = Debug|Any CPU
		{21942BCC-3D98-42B3-8A7E-04E518829641}.Release|Any CPU.ActiveCfg = Release|Any CPU
		{21942BCC-3D98-42B3-8A7E-04E518829641}.Release|Any CPU.Build.0 = Release|Any CPU
		{3F2E768F-7582-4762-B98E-5A866D6BB751}.Debug|Any CPU.ActiveCfg = Debug|Any CPU
		{3F2E768F-7582-4762-B98E-5A866D6BB751}.Debug|Any CPU.Build.0 = Debug|Any CPU
		{3F2E768F-7582-4762-B98E-5A866D6BB751}.Release|Any CPU.ActiveCfg = Release|Any CPU
		{3F2E768F-7582-4762-B98E-5A866D6BB751}.Release|Any CPU.Build.0 = Release|Any CPU
	EndGlobalSection
	GlobalSection(SolutionProperties) = preSolution
		HideSolutionNode = FALSE
	EndGlobalSection
	GlobalSection(ExtensibilityGlobals) = postSolution
		SolutionGuid = {DB97C25C-5DF1-4AEF-867E-B076AD163302}
	EndGlobalSection
EndGlobal
