
Microsoft Visual Studio Solution File, Format Version 12.00
# Visual Studio Version 17
VisualStudioVersion = 17.2.32630.192
MinimumVisualStudioVersion = 10.0.40219.1
Project("{FAE04EC0-301F-11D3-BF4B-00C04F79EFBC}") = "SchoolAdministrationV10", "SchoolAdministrationV10\SchoolAdministrationV10.csproj", "{7C5EAABB-50FD-4BFE-81E5-C3F56531DECB}"
EndProject
Project("{FAE04EC0-301F-11D3-BF4B-00C04F79EFBC}") = "SchoolAdministrationV10Tests", "SchoolAdministrationV10Tests\SchoolAdministrationV10Tests.csproj", "{FA70BAD4-CD2A-4D59-BAA4-2AA076A1B134}"
EndProject
Global
	GlobalSection(SolutionConfigurationPlatforms) = preSolution
		Debug|Any CPU = Debug|Any CPU
		Release|Any CPU = Release|Any CPU
	EndGlobalSection
	GlobalSection(ProjectConfigurationPlatforms) = postSolution
		{7C5EAABB-50FD-4BFE-81E5-C3F56531DECB}.Debug|Any CPU.ActiveCfg = Debug|Any CPU
		{7C5EAABB-50FD-4BFE-81E5-C3F56531DECB}.Debug|Any CPU.Build.0 = Debug|Any CPU
		{7C5EAABB-50FD-4BFE-81E5-C3F56531DECB}.Release|Any CPU.ActiveCfg = Release|Any CPU
		{7C5EAABB-50FD-4BFE-81E5-C3F56531DECB}.Release|Any CPU.Build.0 = Release|Any CPU
		{FA70BAD4-CD2A-4D59-BAA4-2AA076A1B134}.Debug|Any CPU.ActiveCfg = Debug|Any CPU
		{FA70BAD4-CD2A-4D59-BAA4-2AA076A1B134}.Debug|Any CPU.Build.0 = Debug|Any CPU
		{FA70BAD4-CD2A-4D59-BAA4-2AA076A1B134}.Release|Any CPU.ActiveCfg = Release|Any CPU
		{FA70BAD4-CD2A-4D59-BAA4-2AA076A1B134}.Release|Any CPU.Build.0 = Release|Any CPU
	EndGlobalSection
	GlobalSection(SolutionProperties) = preSolution
		HideSolutionNode = FALSE
	EndGlobalSection
	GlobalSection(ExtensibilityGlobals) = postSolution
		SolutionGuid = {A1BE30DD-16A3-4781-B740-1EE3BBE6F647}
	EndGlobalSection
EndGlobal
