
Microsoft Visual Studio Solution File, Format Version 12.00
# Visual Studio Version 17
VisualStudioVersion = 17.2.32630.192
MinimumVisualStudioVersion = 10.0.40219.1
Project("{FAE04EC0-301F-11D3-BF4B-00C04F79EFBC}") = "StockTrade", "StockTrade.csproj", "{51E5FB65-79CB-4C6C-865D-1D144776205F}"
EndProject
Global
	GlobalSection(SolutionConfigurationPlatforms) = preSolution
		Debug|Any CPU = Debug|Any CPU
		Release|Any CPU = Release|Any CPU
	EndGlobalSection
	GlobalSection(ProjectConfigurationPlatforms) = postSolution
		{51E5FB65-79CB-4C6C-865D-1D144776205F}.Debug|Any CPU.ActiveCfg = Debug|Any CPU
		{51E5FB65-79CB-4C6C-865D-1D144776205F}.Debug|Any CPU.Build.0 = Debug|Any CPU
		{51E5FB65-79CB-4C6C-865D-1D144776205F}.Release|Any CPU.ActiveCfg = Release|Any CPU
		{51E5FB65-79CB-4C6C-865D-1D144776205F}.Release|Any CPU.Build.0 = Release|Any CPU
	EndGlobalSection
	GlobalSection(SolutionProperties) = preSolution
		HideSolutionNode = FALSE
	EndGlobalSection
	GlobalSection(ExtensibilityGlobals) = postSolution
		SolutionGuid = {00AEA7BD-F859-44BC-8B31-FFDE2D23E3E6}
	EndGlobalSection
EndGlobal
